{
  "lockfileVersion": 1,
  "workspaces": {
    "": {
      "name": "glb-pipeline",
      "dependencies": {
        "three": "^0.170.0",
      },
    },
  },
  "packages": {
    "three": ["three@0.170.0", "", {}, "sha512-FQK+LEpYc0fBD+J8g6oSEyyNzjp+Q7Ks1C568WWaoMRLW+TkNNWmenWeGgJjV105Gd+p/2ql1ZcjYvNiPZBhuQ=="],
  }
}
